
Microsoft Visual Studio Solution File, Format Version 12.00
# Visual Studio 2013
VisualStudioVersion = 12.0.40629.0
MinimumVisualStudioVersion = 10.0.40219.1
Project("{8BC9CEB8-8B4A-11D0-8D11-00A0C91BC942}") = "WSAEventSelect", "WSAEventSelect.vcxproj", "{7D04DFA2-70C2-4F25-AC66-F0F587648169}"
EndProject
Global
	GlobalSection(SolutionConfigurationPlatforms) = preSolution
		Debug|Win32 = Debug|Win32
		Release|Win32 = Release|Win32
	EndGlobalSection
	GlobalSection(ProjectConfigurationPlatforms) = postSolution
		{7D04DFA2-70C2-4F25-AC66-F0F587648169}.Debug|Win32.ActiveCfg = Debug|Win32
		{7D04DFA2-70C2-4F25-AC66-F0F587648169}.Debug|Win32.Build.0 = Debug|Win32
		{7D04DFA2-70C2-4F25-AC66-F0F587648169}.Release|Win32.ActiveCfg = Release|Win32
		{7D04DFA2-70C2-4F25-AC66-F0F587648169}.Release|Win32.Build.0 = Release|Win32
	EndGlobalSection
	GlobalSection(SolutionProperties) = preSolution
		HideSolutionNode = FALSE
	EndGlobalSection
EndGlobal
